
Microsoft Visual Studio Solution File, Format Version 12.00
# Visual Studio 2013
VisualStudioVersion = 12.0.21005.1
MinimumVisualStudioVersion = 10.0.40219.1
Project("{FAE04EC0-301F-11D3-BF4B-00C04F79EFBC}") = "Aula 23_06_15", "Aula 23_06_15\Aula 23_06_15.csproj", "{C71122B8-D730-412B-A7F9-88C6D638F09D}"
EndProject
Global
	GlobalSection(SolutionConfigurationPlatforms) = preSolution
		Debug|Any CPU = Debug|Any CPU
		Release|Any CPU = Release|Any CPU
	EndGlobalSection
	GlobalSection(ProjectConfigurationPlatforms) = postSolution
		{C71122B8-D730-412B-A7F9-88C6D638F09D}.Debug|Any CPU.ActiveCfg = Debug|Any CPU
		{C71122B8-D730-412B-A7F9-88C6D638F09D}.Debug|Any CPU.Build.0 = Debug|Any CPU
		{C71122B8-D730-412B-A7F9-88C6D638F09D}.Release|Any CPU.ActiveCfg = Release|Any CPU
		{C71122B8-D730-412B-A7F9-88C6D638F09D}.Release|Any CPU.Build.0 = Release|Any CPU
	EndGlobalSection
	GlobalSection(SolutionProperties) = preSolution
		HideSolutionNode = FALSE
	EndGlobalSection
EndGlobal
