
Microsoft Visual Studio Solution File, Format Version 12.00
# Visual Studio Express 2013 for Windows Desktop
VisualStudioVersion = 12.0.30723.0
MinimumVisualStudioVersion = 10.0.40219.1
Project("{FAE04EC0-301F-11D3-BF4B-00C04F79EFBC}") = "Aula 260615", "Aula 260615\Aula 260615.csproj", "{ABF01AC1-BB55-4623-83D6-886CB87E2DCB}"
EndProject
Global
	GlobalSection(SolutionConfigurationPlatforms) = preSolution
		Debug|Any CPU = Debug|Any CPU
		Release|Any CPU = Release|Any CPU
	EndGlobalSection
	GlobalSection(ProjectConfigurationPlatforms) = postSolution
		{ABF01AC1-BB55-4623-83D6-886CB87E2DCB}.Debug|Any CPU.ActiveCfg = Debug|Any CPU
		{ABF01AC1-BB55-4623-83D6-886CB87E2DCB}.Debug|Any CPU.Build.0 = Debug|Any CPU
		{ABF01AC1-BB55-4623-83D6-886CB87E2DCB}.Release|Any CPU.ActiveCfg = Release|Any CPU
		{ABF01AC1-BB55-4623-83D6-886CB87E2DCB}.Release|Any CPU.Build.0 = Release|Any CPU
	EndGlobalSection
	GlobalSection(SolutionProperties) = preSolution
		HideSolutionNode = FALSE
	EndGlobalSection
EndGlobal
